
Microsoft Visual Studio Solution File, Format Version 12.00
# Visual Studio 15
VisualStudioVersion = 15.0.28307.168
MinimumVisualStudioVersion = 10.0.40219.1
Project("{FAE04EC0-301F-11D3-BF4B-00C04F79EFBC}") = "Optional.NET", "Optional.NET\Optional.NET.csproj", "{9874FB90-E083-4357-953F-44862AECB49E}"
EndProject
Project("{FAE04EC0-301F-11D3-BF4B-00C04F79EFBC}") = "Optional.NET.Test", "Optional.NET.Test\Optional.NET.Test.csproj", "{80BD699E-2DF0-4AC1-BF75-F9C06924CF60}"
EndProject
Global
	GlobalSection(SolutionConfigurationPlatforms) = preSolution
		Debug|Any CPU = Debug|Any CPU
		Release|Any CPU = Release|Any CPU
	EndGlobalSection
	GlobalSection(ProjectConfigurationPlatforms) = postSolution
		{9874FB90-E083-4357-953F-44862AECB49E}.Debug|Any CPU.ActiveCfg = Debug|Any CPU
		{9874FB90-E083-4357-953F-44862AECB49E}.Debug|Any CPU.Build.0 = Debug|Any CPU
		{9874FB90-E083-4357-953F-44862AECB49E}.Release|Any CPU.ActiveCfg = Release|Any CPU
		{9874FB90-E083-4357-953F-44862AECB49E}.Release|Any CPU.Build.0 = Release|Any CPU
		{80BD699E-2DF0-4AC1-BF75-F9C06924CF60}.Debug|Any CPU.ActiveCfg = Debug|Any CPU
		{80BD699E-2DF0-4AC1-BF75-F9C06924CF60}.Debug|Any CPU.Build.0 = Debug|Any CPU
		{80BD699E-2DF0-4AC1-BF75-F9C06924CF60}.Release|Any CPU.ActiveCfg = Release|Any CPU
		{80BD699E-2DF0-4AC1-BF75-F9C06924CF60}.Release|Any CPU.Build.0 = Release|Any CPU
	EndGlobalSection
	GlobalSection(SolutionProperties) = preSolution
		HideSolutionNode = FALSE
	EndGlobalSection
	GlobalSection(ExtensibilityGlobals) = postSolution
		SolutionGuid = {022515B3-D7B6-414E-86B5-39A492CD0AB3}
	EndGlobalSection
EndGlobal
